
Microsoft Visual Studio Solution File, Format Version 12.00
# Visual Studio 14
VisualStudioVersion = 14.0.25123.0
MinimumVisualStudioVersion = 10.0.40219.1
Project("{FAE04EC0-301F-11D3-BF4B-00C04F79EFBC}") = "AskNGo.ElasticSearch", "AskNGo.ElasticSearch\AskNGo.ElasticSearch.csproj", "{02C37CF6-87DC-4754-A0B3-089969E238E9}"
EndProject
Project("{FAE04EC0-301F-11D3-BF4B-00C04F79EFBC}") = "AskNGo.Ca", "AskNGo.Ca\AskNGo.Ca.csproj", "{006F0C60-52C3-42E4-9A13-5EFFDEF5DA3D}"
EndProject
Project("{FAE04EC0-301F-11D3-BF4B-00C04F79EFBC}") = "AskNGo.Api", "AskNGo.Api\AskNGo.Api.csproj", "{63E68C72-9A58-4E89-89A4-64D54B45C3F6}"
EndProject
Global
	GlobalSection(SolutionConfigurationPlatforms) = preSolution
		Debug|Any CPU = Debug|Any CPU
		Release|Any CPU = Release|Any CPU
	EndGlobalSection
	GlobalSection(ProjectConfigurationPlatforms) = postSolution
		{02C37CF6-87DC-4754-A0B3-089969E238E9}.Debug|Any CPU.ActiveCfg = Debug|Any CPU
		{02C37CF6-87DC-4754-A0B3-089969E238E9}.Debug|Any CPU.Build.0 = Debug|Any CPU
		{02C37CF6-87DC-4754-A0B3-089969E238E9}.Release|Any CPU.ActiveCfg = Release|Any CPU
		{02C37CF6-87DC-4754-A0B3-089969E238E9}.Release|Any CPU.Build.0 = Release|Any CPU
		{006F0C60-52C3-42E4-9A13-5EFFDEF5DA3D}.Debug|Any CPU.ActiveCfg = Debug|Any CPU
		{006F0C60-52C3-42E4-9A13-5EFFDEF5DA3D}.Debug|Any CPU.Build.0 = Debug|Any CPU
		{006F0C60-52C3-42E4-9A13-5EFFDEF5DA3D}.Release|Any CPU.ActiveCfg = Release|Any CPU
		{006F0C60-52C3-42E4-9A13-5EFFDEF5DA3D}.Release|Any CPU.Build.0 = Release|Any CPU
		{63E68C72-9A58-4E89-89A4-64D54B45C3F6}.Debug|Any CPU.ActiveCfg = Debug|Any CPU
		{63E68C72-9A58-4E89-89A4-64D54B45C3F6}.Debug|Any CPU.Build.0 = Debug|Any CPU
		{63E68C72-9A58-4E89-89A4-64D54B45C3F6}.Release|Any CPU.ActiveCfg = Release|Any CPU
		{63E68C72-9A58-4E89-89A4-64D54B45C3F6}.Release|Any CPU.Build.0 = Release|Any CPU
	EndGlobalSection
	GlobalSection(SolutionProperties) = preSolution
		HideSolutionNode = FALSE
	EndGlobalSection
EndGlobal
